
Microsoft Visual Studio Solution File, Format Version 12.00
# Visual Studio 11
Project("{F184B08F-C81C-45F6-A57F-5ABD9991F28F}") = "Widget Maker", "Widget Maker.vbproj", "{8546D5A7-6270-450E-A3B7-B6882C47A354}"
EndProject
Project("{6141683F-8A12-4E36-9623-2EB02B2C2303}") = "Installer", "..\Installer\Installer.isproj", "{B6965910-80E9-4FCF-B619-802C7B6369EA}"
	ProjectSection(ProjectDependencies) = postProject
		{8546D5A7-6270-450E-A3B7-B6882C47A354} = {8546D5A7-6270-450E-A3B7-B6882C47A354}
	EndProjectSection
EndProject
Global
	GlobalSection(SolutionConfigurationPlatforms) = preSolution
		CD_ROM|Any CPU = CD_ROM|Any CPU
		DVD-5|Any CPU = DVD-5|Any CPU
		Debug|Any CPU = Debug|Any CPU
		Release|Any CPU = Release|Any CPU
		SingleImage|Any CPU = SingleImage|Any CPU
	EndGlobalSection
	GlobalSection(ProjectConfigurationPlatforms) = postSolution
		{8546D5A7-6270-450E-A3B7-B6882C47A354}.CD_ROM|Any CPU.ActiveCfg = Release|Any CPU
		{8546D5A7-6270-450E-A3B7-B6882C47A354}.CD_ROM|Any CPU.Build.0 = Release|Any CPU
		{8546D5A7-6270-450E-A3B7-B6882C47A354}.DVD-5|Any CPU.ActiveCfg = Debug|Any CPU
		{8546D5A7-6270-450E-A3B7-B6882C47A354}.DVD-5|Any CPU.Build.0 = Debug|Any CPU
		{8546D5A7-6270-450E-A3B7-B6882C47A354}.Debug|Any CPU.ActiveCfg = Debug|Any CPU
		{8546D5A7-6270-450E-A3B7-B6882C47A354}.Debug|Any CPU.Build.0 = Debug|Any CPU
		{8546D5A7-6270-450E-A3B7-B6882C47A354}.Release|Any CPU.ActiveCfg = Release|Any CPU
		{8546D5A7-6270-450E-A3B7-B6882C47A354}.Release|Any CPU.Build.0 = Release|Any CPU
		{8546D5A7-6270-450E-A3B7-B6882C47A354}.SingleImage|Any CPU.ActiveCfg = Release|Any CPU
		{8546D5A7-6270-450E-A3B7-B6882C47A354}.SingleImage|Any CPU.Build.0 = Release|Any CPU
		{B6965910-80E9-4FCF-B619-802C7B6369EA}.CD_ROM|Any CPU.ActiveCfg = CD_ROM
		{B6965910-80E9-4FCF-B619-802C7B6369EA}.CD_ROM|Any CPU.Build.0 = CD_ROM
		{B6965910-80E9-4FCF-B619-802C7B6369EA}.DVD-5|Any CPU.ActiveCfg = DVD-5
		{B6965910-80E9-4FCF-B619-802C7B6369EA}.DVD-5|Any CPU.Build.0 = DVD-5
		{B6965910-80E9-4FCF-B619-802C7B6369EA}.Debug|Any CPU.ActiveCfg = DVD-5
		{B6965910-80E9-4FCF-B619-802C7B6369EA}.Debug|Any CPU.Build.0 = DVD-5
		{B6965910-80E9-4FCF-B619-802C7B6369EA}.Release|Any CPU.ActiveCfg = SingleImage
		{B6965910-80E9-4FCF-B619-802C7B6369EA}.Release|Any CPU.Build.0 = SingleImage
		{B6965910-80E9-4FCF-B619-802C7B6369EA}.SingleImage|Any CPU.ActiveCfg = SingleImage
		{B6965910-80E9-4FCF-B619-802C7B6369EA}.SingleImage|Any CPU.Build.0 = SingleImage
	EndGlobalSection
	GlobalSection(SolutionProperties) = preSolution
		HideSolutionNode = FALSE
	EndGlobalSection
EndGlobal
