
Microsoft Visual Studio Solution File, Format Version 12.00
# Visual Studio 11
Project("{F184B08F-C81C-45F6-A57F-5ABD9991F28F}") = "Command Link Control Demo", "Command Link Control Demo.vbproj", "{3CA54043-CE4D-4AB6-9081-2CEDA3D70792}"
EndProject
Global
	GlobalSection(SolutionConfigurationPlatforms) = preSolution
		Debug|Any CPU = Debug|Any CPU
		Release|Any CPU = Release|Any CPU
	EndGlobalSection
	GlobalSection(ProjectConfigurationPlatforms) = postSolution
		{3CA54043-CE4D-4AB6-9081-2CEDA3D70792}.Debug|Any CPU.ActiveCfg = Debug|Any CPU
		{3CA54043-CE4D-4AB6-9081-2CEDA3D70792}.Debug|Any CPU.Build.0 = Debug|Any CPU
		{3CA54043-CE4D-4AB6-9081-2CEDA3D70792}.Release|Any CPU.ActiveCfg = Release|Any CPU
		{3CA54043-CE4D-4AB6-9081-2CEDA3D70792}.Release|Any CPU.Build.0 = Release|Any CPU
	EndGlobalSection
	GlobalSection(SolutionProperties) = preSolution
		HideSolutionNode = FALSE
	EndGlobalSection
EndGlobal
